
Microsoft Visual Studio Solution File, Format Version 12.00
Project("{FAE04EC0-301F-11D3-BF4B-00C04F79EFBC}") = "Calender-Backend", "Calender-Backend\Calender-Backend.csproj", "{4174A96B-FB44-473B-97C3-DC3C52BCFF9A}"
EndProject
Global
	GlobalSection(SolutionConfigurationPlatforms) = preSolution
		Debug|Any CPU = Debug|Any CPU
		Release|Any CPU = Release|Any CPU
	EndGlobalSection
	GlobalSection(ProjectConfigurationPlatforms) = postSolution
		{4174A96B-FB44-473B-97C3-DC3C52BCFF9A}.Debug|Any CPU.ActiveCfg = Debug|Any CPU
		{4174A96B-FB44-473B-97C3-DC3C52BCFF9A}.Debug|Any CPU.Build.0 = Debug|Any CPU
		{4174A96B-FB44-473B-97C3-DC3C52BCFF9A}.Release|Any CPU.ActiveCfg = Release|Any CPU
		{4174A96B-FB44-473B-97C3-DC3C52BCFF9A}.Release|Any CPU.Build.0 = Release|Any CPU
	EndGlobalSection
EndGlobal
